
Microsoft Visual Studio Solution File, Format Version 12.00
# Visual Studio 2012
Project("{FAE04EC0-301F-11D3-BF4B-00C04F79EFBC}") = "concessions", "concessions\concessions.csproj", "{3FEE6809-531D-4D09-8E10-D5D43E3EF61C}"
EndProject
Project("{FAE04EC0-301F-11D3-BF4B-00C04F79EFBC}") = "concessions.UITests", "concessions.UITests\concessions.UITests.csproj", "{781E8AAE-3E63-4802-9749-5AEDDE9F5207}"
EndProject
Global
	GlobalSection(SolutionConfigurationPlatforms) = preSolution
		Debug|Any CPU = Debug|Any CPU
		Release|Any CPU = Release|Any CPU
	EndGlobalSection
	GlobalSection(ProjectConfigurationPlatforms) = postSolution
		{3FEE6809-531D-4D09-8E10-D5D43E3EF61C}.Debug|Any CPU.ActiveCfg = Debug|Any CPU
		{3FEE6809-531D-4D09-8E10-D5D43E3EF61C}.Debug|Any CPU.Build.0 = Debug|Any CPU
		{3FEE6809-531D-4D09-8E10-D5D43E3EF61C}.Release|Any CPU.ActiveCfg = Release|Any CPU
		{3FEE6809-531D-4D09-8E10-D5D43E3EF61C}.Release|Any CPU.Build.0 = Release|Any CPU
		{781E8AAE-3E63-4802-9749-5AEDDE9F5207}.Debug|Any CPU.ActiveCfg = Debug|Any CPU
		{781E8AAE-3E63-4802-9749-5AEDDE9F5207}.Debug|Any CPU.Build.0 = Debug|Any CPU
		{781E8AAE-3E63-4802-9749-5AEDDE9F5207}.Release|Any CPU.ActiveCfg = Release|Any CPU
		{781E8AAE-3E63-4802-9749-5AEDDE9F5207}.Release|Any CPU.Build.0 = Release|Any CPU
	EndGlobalSection
EndGlobal
